{
  "pins" : [
    {
      "identity" : "cwlcatchexception",
      "kind" : "remoteSourceControl",
      "location" : "https://github.com/mattgallagher/CwlCatchException.git",
      "state" : {
        "revision" : "35f9e770f54ce62dd8526470f14c6e137cef3eea",
        "version" : "2.1.1"
      }
    },
    {
      "identity" : "cwlpreconditiontesting",
      "kind" : "remoteSourceControl",
      "location" : "https://github.com/mattgallagher/CwlPreconditionTesting.git",
      "state" : {
        "revision" : "c21f7bab5ca8eee0a9998bbd17ca1d0eb45d4688",
        "version" : "2.1.0"
      }
    },
    {
      "identity" : "factory",
      "kind" : "remoteSourceControl",
      "location" : "https://github.com/hmlongco/Factory",
      "state" : {
        "revision" : "718466174b5e8eb0dc6548260f447d2b5b639111",
        "version" : "2.0.0"
      }
    },
    {
      "identity" : "nimble",
      "kind" : "remoteSourceControl",
      "location" : "https://github.com/Quick/Nimble",
      "state" : {
        "revision" : "b7f6c49acdb247e3158198c5448b38c3cc595533",
        "version" : "11.2.1"
      }
    },
    {
      "identity" : "swift-sodium",
      "kind" : "remoteSourceControl",
      "location" : "https://github.com/jedisct1/swift-sodium.git",
      "state" : {
        "revision" : "f67e6e0814ca9ab67f9ab20a1c0e63870bd52322"
      }
    }
  ],
  "version" : 2
}
